
Microsoft Visual Studio Solution File, Format Version 12.00
# Visual Studio Version 17
VisualStudioVersion = 17.11.35208.52
MinimumVisualStudioVersion = 10.0.40219.1
Project("{FAE04EC0-301F-11D3-BF4B-00C04F79EFBC}") = "UsersApi", "UsersApi\UsersApi.csproj", "{AF79A5C7-A2EB-4861-A332-5ECD7BB27580}"
EndProject
Global
	GlobalSection(SolutionConfigurationPlatforms) = preSolution
		Debug|Any CPU = Debug|Any CPU
		Release|Any CPU = Release|Any CPU
	EndGlobalSection
	GlobalSection(ProjectConfigurationPlatforms) = postSolution
		{AF79A5C7-A2EB-4861-A332-5ECD7BB27580}.Debug|Any CPU.ActiveCfg = Debug|Any CPU
		{AF79A5C7-A2EB-4861-A332-5ECD7BB27580}.Debug|Any CPU.Build.0 = Debug|Any CPU
		{AF79A5C7-A2EB-4861-A332-5ECD7BB27580}.Release|Any CPU.ActiveCfg = Release|Any CPU
		{AF79A5C7-A2EB-4861-A332-5ECD7BB27580}.Release|Any CPU.Build.0 = Release|Any CPU
	EndGlobalSection
	GlobalSection(SolutionProperties) = preSolution
		HideSolutionNode = FALSE
	EndGlobalSection
	GlobalSection(ExtensibilityGlobals) = postSolution
		SolutionGuid = {25C1A609-A880-4EB2-8EEA-2F2E65EB3D4C}
	EndGlobalSection
EndGlobal
